{
  "name": "front-end",
  "version": "1.0.0",
  "lockfileVersion": 3,
  "requires": true,
  "packages": {
    "": {
      "name": "front-end",
      "version": "1.0.0",
      "license": "ISC",
      "dependencies": {
        "tojson": "^0.3.18"
      }
    },
    "node_modules/tojson": {
      "version": "0.3.18",
      "resolved": "https://registry.npmjs.org/tojson/-/tojson-0.3.18.tgz",
      "integrity": "sha512-tCp+GOCAr0unfKeRhXE4RW9MBkrSi6T5k2kGL4CS8H0x6Solq/P2reI5xOuNYzS61g42ypHAgH4QRKEXLHGT/w==",
      "bin": {
        "tojson": "bin/tojson"
      },
      "engines": {
        "node": ">=0.10"
      }
    }
  }
}
